dependencies:
- name: redis
  repository: https://charts.bitnami.com/bitnami
  version: 20.0.3
- name: postgresql
  repository: https://charts.bitnami.com/bitnami
  version: 15.5.24
- name: minio
  repository: https://charts.bitnami.com/bitnami
  version: 14.7.14
- name: appflowy-cloud
  repository: ""
  version: 0.1.0
- name: appflowy-gotrue
  repository: ""
  version: 0.1.0
- name: appflowy-admin
  repository: ""
  version: 0.1.0
- name: appflowy-worker
  repository: ""
  version: 0.1.0
- name: appflowy-web
  repository: ""
  version: 0.1.0
- name: appflowy-ai
  repository: ""
  version: 0.1.0
digest: sha256:70e632e56bc41c6c95d5b9987fb678a9eb3f9ea7a2ef563b9406b202a3b2657d
generated: "2025-02-03T23:07:28.664458474+01:00"
