dependencies:
- name: redis
  repository: https://charts.bitnami.com/bitnami
  version: 20.0.3
- name: postgresql
  repository: https://charts.bitnami.com/bitnami
  version: 15.5.24
- name: minio
  repository: https://charts.bitnami.com/bitnami
  version: 14.7.14
- name: appflowy-cloud
  repository: ""
  version: 0.1.0
- name: appflowy-gotrue
  repository: ""
  version: 0.1.0
- name: appflowy-admin
  repository: ""
  version: 0.1.0
- name: appflowy-worker
  repository: ""
  version: 0.1.0
digest: sha256:5574e23192978d597735ab247eb361867e1b40a2727d690c56545cfa99f6b299
generated: "2024-12-28T23:32:19.63390363+08:00"
